
Microsoft Visual Studio Solution File, Format Version 12.00
# Visual Studio Version 17
VisualStudioVersion = 17.7.34009.444
MinimumVisualStudioVersion = 10.0.40219.1
Project("{9A19103F-16F7-4668-BE54-9A1E7A4F7556}") = "FlashcardProject", "FlashcardProject.csproj", "{7C33AAD0-47CB-4696-9D88-F525BDCC854B}"
EndProject
Project("{FAE04EC0-301F-11D3-BF4B-00C04F79EFBC}") = "XunitTestFlashcardProject", "..\XunitTestFlashcardProject\XunitTestFlashcardProject.csproj", "{B07184DA-1F7F-412C-83F7-7660F6559EE6}"
EndProject
Global
	GlobalSection(SolutionConfigurationPlatforms) = preSolution
		Debug|Any CPU = Debug|Any CPU
		Release|Any CPU = Release|Any CPU
	EndGlobalSection
	GlobalSection(ProjectConfigurationPlatforms) = postSolution
		{7C33AAD0-47CB-4696-9D88-F525BDCC854B}.Debug|Any CPU.ActiveCfg = Debug|Any CPU
		{7C33AAD0-47CB-4696-9D88-F525BDCC854B}.Debug|Any CPU.Build.0 = Debug|Any CPU
		{7C33AAD0-47CB-4696-9D88-F525BDCC854B}.Release|Any CPU.ActiveCfg = Release|Any CPU
		{7C33AAD0-47CB-4696-9D88-F525BDCC854B}.Release|Any CPU.Build.0 = Release|Any CPU
		{B07184DA-1F7F-412C-83F7-7660F6559EE6}.Debug|Any CPU.ActiveCfg = Debug|Any CPU
		{B07184DA-1F7F-412C-83F7-7660F6559EE6}.Debug|Any CPU.Build.0 = Debug|Any CPU
		{B07184DA-1F7F-412C-83F7-7660F6559EE6}.Release|Any CPU.ActiveCfg = Release|Any CPU
		{B07184DA-1F7F-412C-83F7-7660F6559EE6}.Release|Any CPU.Build.0 = Release|Any CPU
	EndGlobalSection
	GlobalSection(SolutionProperties) = preSolution
		HideSolutionNode = FALSE
	EndGlobalSection
	GlobalSection(ExtensibilityGlobals) = postSolution
		SolutionGuid = {49B2ECBB-28EF-4297-833A-4C0318B1298B}
	EndGlobalSection
EndGlobal
